
Microsoft Visual Studio Solution File, Format Version 12.00
# Visual Studio Version 16
VisualStudioVersion = 16.0.31424.327
MinimumVisualStudioVersion = 10.0.40219.1
Project("{2150E333-8FDC-42A3-9474-1A3956D46DE8}") = "src", "src", "{DCA80FE4-0514-4AFD-9C6B-248ADC312079}"
EndProject
Project("{2150E333-8FDC-42A3-9474-1A3956D46DE8}") = "tests", "tests", "{6010E1CE-EDC1-48F9-8963-38822307ECCC}"
EndProject
Project("{9A19103F-16F7-4668-BE54-9A1E7A4F7556}") = "MovieManager.Core", "src\MovieManager.Core\MovieManager.Core.csproj", "{2868CBDD-0AE9-415F-88FE-86C33F8AB230}"
EndProject
Project("{9A19103F-16F7-4668-BE54-9A1E7A4F7556}") = "MovieManager.Infrastructure", "src\MovieManager.Infrastructure\MovieManager.Infrastructure.csproj", "{2C39175F-A9AA-4DC9-932F-84B83C288A44}"
EndProject
Project("{9A19103F-16F7-4668-BE54-9A1E7A4F7556}") = "MovieManagerWeb", "src\MovieManagerWeb\MovieManagerWeb.csproj", "{5BA86BF5-8D4B-4259-9FD3-D817ED96132C}"
EndProject
Project("{9A19103F-16F7-4668-BE54-9A1E7A4F7556}") = "UnitTests", "tests\UnitTests\UnitTests.csproj", "{52746991-A09B-4F2B-8224-82AE0E555226}"
EndProject
Project("{2150E333-8FDC-42A3-9474-1A3956D46DE8}") = "sql", "sql", "{DEFB5E5E-E8DD-4D7B-AD67-566B6F3A15ED}"
	ProjectSection(SolutionItems) = preProject
		sql\StoredProcedures.sql = sql\StoredProcedures.sql
		sql\Tables.sql = sql\Tables.sql
		sql\Views.sql = sql\Views.sql
	EndProjectSection
EndProject
Project("{9A19103F-16F7-4668-BE54-9A1E7A4F7556}") = "FunctionalTests", "tests\FunctionalTests\FunctionalTests.csproj", "{728C77CD-6E31-4924-A5BD-0347E3C2B2EB}"
EndProject
Global
	GlobalSection(SolutionConfigurationPlatforms) = preSolution
		Debug|Any CPU = Debug|Any CPU
		Release|Any CPU = Release|Any CPU
	EndGlobalSection
	GlobalSection(ProjectConfigurationPlatforms) = postSolution
		{2868CBDD-0AE9-415F-88FE-86C33F8AB230}.Debug|Any CPU.ActiveCfg = Debug|Any CPU
		{2868CBDD-0AE9-415F-88FE-86C33F8AB230}.Debug|Any CPU.Build.0 = Debug|Any CPU
		{2868CBDD-0AE9-415F-88FE-86C33F8AB230}.Release|Any CPU.ActiveCfg = Release|Any CPU
		{2868CBDD-0AE9-415F-88FE-86C33F8AB230}.Release|Any CPU.Build.0 = Release|Any CPU
		{2C39175F-A9AA-4DC9-932F-84B83C288A44}.Debug|Any CPU.ActiveCfg = Debug|Any CPU
		{2C39175F-A9AA-4DC9-932F-84B83C288A44}.Debug|Any CPU.Build.0 = Debug|Any CPU
		{2C39175F-A9AA-4DC9-932F-84B83C288A44}.Release|Any CPU.ActiveCfg = Release|Any CPU
		{2C39175F-A9AA-4DC9-932F-84B83C288A44}.Release|Any CPU.Build.0 = Release|Any CPU
		{5BA86BF5-8D4B-4259-9FD3-D817ED96132C}.Debug|Any CPU.ActiveCfg = Debug|Any CPU
		{5BA86BF5-8D4B-4259-9FD3-D817ED96132C}.Debug|Any CPU.Build.0 = Debug|Any CPU
		{5BA86BF5-8D4B-4259-9FD3-D817ED96132C}.Release|Any CPU.ActiveCfg = Release|Any CPU
		{5BA86BF5-8D4B-4259-9FD3-D817ED96132C}.Release|Any CPU.Build.0 = Release|Any CPU
		{52746991-A09B-4F2B-8224-82AE0E555226}.Debug|Any CPU.ActiveCfg = Debug|Any CPU
		{52746991-A09B-4F2B-8224-82AE0E555226}.Debug|Any CPU.Build.0 = Debug|Any CPU
		{52746991-A09B-4F2B-8224-82AE0E555226}.Release|Any CPU.ActiveCfg = Release|Any CPU
		{52746991-A09B-4F2B-8224-82AE0E555226}.Release|Any CPU.Build.0 = Release|Any CPU
		{728C77CD-6E31-4924-A5BD-0347E3C2B2EB}.Debug|Any CPU.ActiveCfg = Debug|Any CPU
		{728C77CD-6E31-4924-A5BD-0347E3C2B2EB}.Debug|Any CPU.Build.0 = Debug|Any CPU
		{728C77CD-6E31-4924-A5BD-0347E3C2B2EB}.Release|Any CPU.ActiveCfg = Release|Any CPU
		{728C77CD-6E31-4924-A5BD-0347E3C2B2EB}.Release|Any CPU.Build.0 = Release|Any CPU
	EndGlobalSection
	GlobalSection(SolutionProperties) = preSolution
		HideSolutionNode = FALSE
	EndGlobalSection
	GlobalSection(NestedProjects) = preSolution
		{2868CBDD-0AE9-415F-88FE-86C33F8AB230} = {DCA80FE4-0514-4AFD-9C6B-248ADC312079}
		{2C39175F-A9AA-4DC9-932F-84B83C288A44} = {DCA80FE4-0514-4AFD-9C6B-248ADC312079}
		{5BA86BF5-8D4B-4259-9FD3-D817ED96132C} = {DCA80FE4-0514-4AFD-9C6B-248ADC312079}
		{52746991-A09B-4F2B-8224-82AE0E555226} = {6010E1CE-EDC1-48F9-8963-38822307ECCC}
		{728C77CD-6E31-4924-A5BD-0347E3C2B2EB} = {6010E1CE-EDC1-48F9-8963-38822307ECCC}
	EndGlobalSection
	GlobalSection(ExtensibilityGlobals) = postSolution
		SolutionGuid = {7FF58C3B-AFF1-4A0E-85ED-20451F708336}
	EndGlobalSection
EndGlobal
